<?xml version="1.0" encoding="utf-8"?>
<Project ToolsVersion="4.0" xmlns="http://schemas.microsoft.com/developer/msbuild/2003">
  <ItemGroup>
    <Filter Include="Quelldateien">
      <UniqueIdentifier>{4FC737F1-C7A5-4376-A066-2A32D752A2FF}</UniqueIdentifier>
      <Extensions>cpp;c;cc;cxx;def;odl;idl;hpj;bat;asm;asmx</Extensions>
    </Filter>
    <Filter Include="Headerdateien">
      <UniqueIdentifier>{93995380-89BD-4b04-88EB-625FBE52EBFB}</UniqueIdentifier>
      <Extensions>h;hh;hpp;hxx;hm;inl;inc;xsd</Extensions>
    </Filter>
    <Filter Include="Ressourcendateien">
      <UniqueIdentifier>{67DA6AB6-F800-4c08-8B7A-83BB121AAD01}</UniqueIdentifier>
      <Extensions>rc;ico;cur;bmp;dlg;rc2;rct;bin;rgs;gif;jpg;jpeg;jpe;resx;tiff;tif;png;wav;mfcribbon-ms</Extensions>
    </Filter>
    <Filter Include="Headerdateien\Pipeline">
      <UniqueIdentifier>{64b2de83-2939-4d98-8a0b-db329d1a529d}</UniqueIdentifier>
    </Filter>
    <Filter Include="Quelldateien\Pipeline">
      <UniqueIdentifier>{21f3ea49-aeaa-4450-89db-0e93d6a94065}</UniqueIdentifier>
    </Filter>
    <Filter Include="Quelldateien\TStorage">
      <UniqueIdentifier>{6b7f4ffd-4b63-414b-8e95-cae0f4da6385}</UniqueIdentifier>
    </Filter>
    <Filter Include="Quelldateien\TBase">
      <UniqueIdentifier>{6f91d985-dc27-4e42-b1cc-e0ea1733c232}</UniqueIdentifier>
    </Filter>
    <Filter Include="Headerdateien\TBase">
      <UniqueIdentifier>{98079e1f-71de-42f9-b09a-e503104dbc7b}</UniqueIdentifier>
    </Filter>
    <Filter Include="Headerdateien\TStorage">
      <UniqueIdentifier>{a140e7d1-d274-4c7c-b816-2635858404dd}</UniqueIdentifier>
    </Filter>
  </ItemGroup>
  <ItemGroup>
    <ClInclude Include="Annotations.hpp">
      <Filter>Headerdateien\TBase</Filter>
    </ClInclude>
    <ClInclude Include="Files.hpp">
      <Filter>Headerdateien\TStorage</Filter>
    </ClInclude>
    <ClInclude Include="Properties.hpp">
      <Filter>Headerdateien\TStorage</Filter>
    </ClInclude>
    <ClInclude Include="TGEngine.hpp">
      <Filter>Headerdateien</Filter>
    </ClInclude>
    <ClInclude Include="Debug.hpp">
      <Filter>Headerdateien</Filter>
    </ClInclude>
    <ClInclude Include="Pipeline.hpp">
      <Filter>Headerdateien\Pipeline</Filter>
    </ClInclude>
    <ClInclude Include="Instance.hpp">
      <Filter>Headerdateien\Pipeline</Filter>
    </ClInclude>
    <ClInclude Include="Window.hpp">
      <Filter>Headerdateien\Pipeline</Filter>
    </ClInclude>
    <ClInclude Include="Device.hpp">
      <Filter>Headerdateien\Pipeline</Filter>
    </ClInclude>
    <ClInclude Include="RenderPass.hpp">
      <Filter>Headerdateien\Pipeline</Filter>
    </ClInclude>
    <ClInclude Include="Pipe.hpp">
      <Filter>Headerdateien\Pipeline</Filter>
    </ClInclude>
    <ClInclude Include="Shader.hpp">
      <Filter>Headerdateien\Pipeline</Filter>
    </ClInclude>
    <ClInclude Include="Vertex.hpp">
      <Filter>Headerdateien\Pipeline</Filter>
    </ClInclude>
    <ClInclude Include="Draw.hpp">
      <Filter>Headerdateien\Pipeline</Filter>
    </ClInclude>
    <ClInclude Include="Swapchain.hpp">
      <Filter>Headerdateien\Pipeline</Filter>
    </ClInclude>
    <ClInclude Include="CommandBuffer.hpp">
      <Filter>Headerdateien\Pipeline</Filter>
    </ClInclude>
    <ClInclude Include="Framebuffer.hpp">
      <Filter>Headerdateien\Pipeline</Filter>
    </ClInclude>
    <ClInclude Include="PrePipeline.hpp">
      <Filter>Headerdateien\Pipeline</Filter>
    </ClInclude>
    <ClInclude Include="VertexBuffer.hpp">
      <Filter>Headerdateien\Pipeline</Filter>
    </ClInclude>
  </ItemGroup>
  <ItemGroup>
    <ClCompile Include="Debug.cpp">
      <Filter>Quelldateien</Filter>
    </ClCompile>
    <ClCompile Include="Files.cpp">
      <Filter>Quelldateien\TStorage</Filter>
    </ClCompile>
    <ClCompile Include="Properties.cpp">
      <Filter>Quelldateien\TStorage</Filter>
    </ClCompile>
    <ClCompile Include="TGEngine.cpp">
      <Filter>Quelldateien</Filter>
    </ClCompile>
    <ClCompile Include="Test.cpp">
      <Filter>Quelldateien</Filter>
    </ClCompile>
    <ClCompile Include="Instance.cpp">
      <Filter>Quelldateien\Pipeline</Filter>
    </ClCompile>
    <ClCompile Include="Window.cpp">
      <Filter>Quelldateien\Pipeline</Filter>
    </ClCompile>
    <ClCompile Include="Device.cpp">
      <Filter>Quelldateien\Pipeline</Filter>
    </ClCompile>
    <ClCompile Include="RenderPass.cpp">
      <Filter>Quelldateien\Pipeline</Filter>
    </ClCompile>
    <ClCompile Include="Pipe.cpp">
      <Filter>Quelldateien\Pipeline</Filter>
    </ClCompile>
    <ClCompile Include="Shader.cpp">
      <Filter>Quelldateien\Pipeline</Filter>
    </ClCompile>
    <ClCompile Include="Draw.cpp">
      <Filter>Quelldateien\Pipeline</Filter>
    </ClCompile>
    <ClCompile Include="Swapchain.cpp">
      <Filter>Quelldateien\Pipeline</Filter>
    </ClCompile>
    <ClCompile Include="CommandBuffer.cpp">
      <Filter>Quelldateien\Pipeline</Filter>
    </ClCompile>
    <ClCompile Include="Framebuffer.cpp">
      <Filter>Quelldateien\Pipeline</Filter>
    </ClCompile>
    <ClCompile Include="PrePipeline.cpp">
      <Filter>Quelldateien\Pipeline</Filter>
    </ClCompile>
    <ClCompile Include="VertexBuffer.cpp">
      <Filter>Quelldateien\Pipeline</Filter>
    </ClCompile>
  </ItemGroup>
  <ItemGroup>
    <Xml Include="Properties.xml">
      <Filter>Ressourcendateien</Filter>
    </Xml>
  </ItemGroup>
  <ItemGroup>
    <Text Include="Layers.txt">
      <Filter>Ressourcendateien</Filter>
    </Text>
  </ItemGroup>
  <ItemGroup>
    <None Include="vertexshader.glsl">
      <Filter>Ressourcendateien</Filter>
    </None>
    <None Include="fragmentshader.glsl">
      <Filter>Ressourcendateien</Filter>
    </None>
    <None Include="frag.spv">
      <Filter>Ressourcendateien</Filter>
    </None>
    <None Include="vert.spv">
      <Filter>Ressourcendateien</Filter>
    </None>
  </ItemGroup>
</Project>