<?xml version="1.0" encoding="utf-8"?>
<Project ToolsVersion="4.0" xmlns="http://schemas.microsoft.com/developer/msbuild/2003">
  <ItemGroup>
    <Filter Include="Quelldateien">
      <UniqueIdentifier>{4FC737F1-C7A5-4376-A066-2A32D752A2FF}</UniqueIdentifier>
      <Extensions>cpp;c;cc;cxx;def;odl;idl;hpj;bat;asm;asmx</Extensions>
    </Filter>
    <Filter Include="Headerdateien">
      <UniqueIdentifier>{93995380-89BD-4b04-88EB-625FBE52EBFB}</UniqueIdentifier>
      <Extensions>h;hh;hpp;hxx;hm;inl;inc;xsd</Extensions>
    </Filter>
    <Filter Include="Headerdateien\model">
      <UniqueIdentifier>{74c22868-2b41-4643-80b6-5586a9805911}</UniqueIdentifier>
    </Filter>
    <Filter Include="Headerdateien\io">
      <UniqueIdentifier>{97cba680-fb33-40a5-866f-30e6342c0c34}</UniqueIdentifier>
    </Filter>
    <Filter Include="Headerdateien\drawlib">
      <UniqueIdentifier>{e8f1a3ba-f124-4f5b-954d-7bd5e0b649aa}</UniqueIdentifier>
    </Filter>
    <Filter Include="Headerdateien\pipeline">
      <UniqueIdentifier>{fb31c39d-a3e6-4339-908a-6378a466b836}</UniqueIdentifier>
    </Filter>
    <Filter Include="Headerdateien\pipeline\buffer">
      <UniqueIdentifier>{add50dde-2d2c-4652-9b14-88419a2bd0a2}</UniqueIdentifier>
    </Filter>
    <Filter Include="Headerdateien\pipeline\window">
      <UniqueIdentifier>{af89f53e-b9ff-467a-ada7-89777496d974}</UniqueIdentifier>
    </Filter>
    <Filter Include="Headerdateien\util">
      <UniqueIdentifier>{2f3fc730-ee5c-4471-b4d7-6dbd251e47c9}</UniqueIdentifier>
    </Filter>
    <Filter Include="Quelldateien\drawlib">
      <UniqueIdentifier>{c803af7c-55f5-47a0-8f14-4afc3787ef84}</UniqueIdentifier>
    </Filter>
    <Filter Include="Quelldateien\gamecontent">
      <UniqueIdentifier>{6213547f-a0e8-4723-97a5-eb115cc65389}</UniqueIdentifier>
    </Filter>
    <Filter Include="Quelldateien\io">
      <UniqueIdentifier>{f8b8aafc-acdd-4d22-8751-ce6120ba35ac}</UniqueIdentifier>
    </Filter>
    <Filter Include="Quelldateien\pipeline">
      <UniqueIdentifier>{4a422de4-f27c-4585-af37-85fbb585c5c7}</UniqueIdentifier>
    </Filter>
    <Filter Include="Quelldateien\pipeline\window">
      <UniqueIdentifier>{071a9615-0ebc-4cbf-9798-d7408e251887}</UniqueIdentifier>
    </Filter>
    <Filter Include="Quelldateien\util">
      <UniqueIdentifier>{80e1f404-29d7-40c5-90b1-c9d2d4182125}</UniqueIdentifier>
    </Filter>
    <Filter Include="resources">
      <UniqueIdentifier>{67DA6AB6-F800-4c08-8B7A-83BB121AAD01}</UniqueIdentifier>
      <Extensions>rc;ico;cur;bmp;dlg;rc2;rct;bin;rgs;gif;jpg;jpeg;jpe;resx;tiff;tif;png;wav;mfcribbon-ms</Extensions>
    </Filter>
    <Filter Include="Quelldateien\pipeline\buffer">
      <UniqueIdentifier>{42dc206c-413f-419b-8305-451375375d5a}</UniqueIdentifier>
    </Filter>
    <Filter Include="Quelldateien\model">
      <UniqueIdentifier>{29e31da8-8a5a-44c8-94c5-9672861b87c7}</UniqueIdentifier>
    </Filter>
    <Filter Include="Quelldateien\vlib">
      <UniqueIdentifier>{b4fb9809-f7f4-4ca8-b5b5-260999bd1d95}</UniqueIdentifier>
    </Filter>
    <Filter Include="Headerdateien\vlib">
      <UniqueIdentifier>{6e3272fc-2588-43cc-996c-0e7a31f95acf}</UniqueIdentifier>
    </Filter>
    <Filter Include="Headerdateien\gamecontent">
      <UniqueIdentifier>{65f27615-334a-409f-b0e0-f02448dc33a4}</UniqueIdentifier>
    </Filter>
    <Filter Include="docs">
      <UniqueIdentifier>{1439cb04-66f8-4e9a-8b9c-6b9ca3ad36a3}</UniqueIdentifier>
    </Filter>
    <Filter Include="Quelldateien\ui">
      <UniqueIdentifier>{ee8d2418-0cdb-426d-93ec-e760d39155a5}</UniqueIdentifier>
    </Filter>
    <Filter Include="Headerdateien\ui">
      <UniqueIdentifier>{cd44c7b3-b963-4852-9767-3e6ad3bd40d4}</UniqueIdentifier>
    </Filter>
  </ItemGroup>
  <ItemGroup>
    <ClInclude Include="App.hpp">
      <Filter>Headerdateien</Filter>
    </ClInclude>
    <ClInclude Include="TGEngine.hpp">
      <Filter>Headerdateien</Filter>
    </ClInclude>
    <ClInclude Include="Drawlib\BaseDrawLib.hpp">
      <Filter>Headerdateien\drawlib</Filter>
    </ClInclude>
    <ClInclude Include="Drawlib\Circle.hpp">
      <Filter>Headerdateien\drawlib</Filter>
    </ClInclude>
    <ClInclude Include="Drawlib\DrawLib.hpp">
      <Filter>Headerdateien\drawlib</Filter>
    </ClInclude>
    <ClInclude Include="Drawlib\Ellipse.hpp">
      <Filter>Headerdateien\drawlib</Filter>
    </ClInclude>
    <ClInclude Include="Drawlib\Rectangle.hpp">
      <Filter>Headerdateien\drawlib</Filter>
    </ClInclude>
    <ClInclude Include="Pipeline\CommandBuffer.hpp">
      <Filter>Headerdateien\pipeline</Filter>
    </ClInclude>
    <ClInclude Include="Pipeline\Descriptors.hpp">
      <Filter>Headerdateien\pipeline</Filter>
    </ClInclude>
    <ClInclude Include="Pipeline\Device.hpp">
      <Filter>Headerdateien\pipeline</Filter>
    </ClInclude>
    <ClInclude Include="Pipeline\Draw.hpp">
      <Filter>Headerdateien\pipeline</Filter>
    </ClInclude>
    <ClInclude Include="Pipeline\Framebuffer.hpp">
      <Filter>Headerdateien\pipeline</Filter>
    </ClInclude>
    <ClInclude Include="Pipeline\Instance.hpp">
      <Filter>Headerdateien\pipeline</Filter>
    </ClInclude>
    <ClInclude Include="Pipeline\Pipe.hpp">
      <Filter>Headerdateien\pipeline</Filter>
    </ClInclude>
    <ClInclude Include="Pipeline\Pipeline.hpp">
      <Filter>Headerdateien\pipeline</Filter>
    </ClInclude>
    <ClInclude Include="Pipeline\PrePipeline.hpp">
      <Filter>Headerdateien\pipeline</Filter>
    </ClInclude>
    <ClInclude Include="Pipeline\RenderPass.hpp">
      <Filter>Headerdateien\pipeline</Filter>
    </ClInclude>
    <ClInclude Include="Pipeline\Shader.hpp">
      <Filter>Headerdateien\pipeline</Filter>
    </ClInclude>
    <ClInclude Include="Pipeline\Swapchain.hpp">
      <Filter>Headerdateien\pipeline</Filter>
    </ClInclude>
    <ClInclude Include="Pipeline\Buffer\IndexBuffer.hpp">
      <Filter>Headerdateien\pipeline\buffer</Filter>
    </ClInclude>
    <ClInclude Include="Pipeline\Buffer\Memory.hpp">
      <Filter>Headerdateien\pipeline\buffer</Filter>
    </ClInclude>
    <ClInclude Include="Pipeline\Buffer\Texturebuffer.hpp">
      <Filter>Headerdateien\pipeline\buffer</Filter>
    </ClInclude>
    <ClInclude Include="Pipeline\Buffer\UniformBuffer.hpp">
      <Filter>Headerdateien\pipeline\buffer</Filter>
    </ClInclude>
    <ClInclude Include="Pipeline\Buffer\VertexBuffer.hpp">
      <Filter>Headerdateien\pipeline\buffer</Filter>
    </ClInclude>
    <ClInclude Include="Pipeline\Window\Window.hpp">
      <Filter>Headerdateien\pipeline\window</Filter>
    </ClInclude>
    <ClInclude Include="Util\Annotations.hpp">
      <Filter>Headerdateien\util</Filter>
    </ClInclude>
    <ClInclude Include="Util\Debug.hpp">
      <Filter>Headerdateien\util</Filter>
    </ClInclude>
    <ClInclude Include="Util\Math.hpp">
      <Filter>Headerdateien\util</Filter>
    </ClInclude>
    <ClInclude Include="Resources\ShaderData.hpp">
      <Filter>resources</Filter>
    </ClInclude>
    <ClInclude Include="model\FBX_Loader.hpp">
      <Filter>Headerdateien\model</Filter>
    </ClInclude>
    <ClInclude Include="io\Files.hpp">
      <Filter>Headerdateien\io</Filter>
    </ClInclude>
    <ClInclude Include="io\ImagePNG.hpp">
      <Filter>Headerdateien\io</Filter>
    </ClInclude>
    <ClInclude Include="io\LoadFont.hpp">
      <Filter>Headerdateien\io</Filter>
    </ClInclude>
    <ClInclude Include="io\Mouse.hpp">
      <Filter>Headerdateien\io</Filter>
    </ClInclude>
    <ClInclude Include="io\Properties.hpp">
      <Filter>Headerdateien\io</Filter>
    </ClInclude>
    <ClInclude Include="game_content\Camera.hpp">
      <Filter>Headerdateien\gamecontent</Filter>
    </ClInclude>
    <ClInclude Include="Stdbase.hpp">
      <Filter>Headerdateien</Filter>
    </ClInclude>
    <ClInclude Include="pipeline\DepthStencil.hpp">
      <Filter>Headerdateien\pipeline</Filter>
    </ClInclude>
    <ClInclude Include="Error.hpp">
      <Filter>Headerdateien</Filter>
    </ClInclude>
    <ClInclude Include="vlib\VulkanImage.hpp">
      <Filter>Headerdateien\vlib</Filter>
    </ClInclude>
    <ClInclude Include="vlib\VulkanBuffer.hpp">
      <Filter>Headerdateien\vlib</Filter>
    </ClInclude>
    <ClInclude Include="game_content\Actor.hpp">
      <Filter>Headerdateien\gamecontent</Filter>
    </ClInclude>
    <ClInclude Include="game_content\Mesh.hpp">
      <Filter>Headerdateien\gamecontent</Filter>
    </ClInclude>
    <ClInclude Include="util\VectorUtil.hpp">
      <Filter>Headerdateien\util</Filter>
    </ClInclude>
    <ClInclude Include="game_content\StaticCamera.hpp">
      <Filter>Headerdateien\gamecontent</Filter>
    </ClInclude>
    <ClInclude Include="game_content\FirstPersonCamera.hpp">
      <Filter>Headerdateien\gamecontent</Filter>
    </ClInclude>
    <ClInclude Include="util\TGVertex.hpp">
      <Filter>Headerdateien\util</Filter>
    </ClInclude>
    <ClInclude Include="pipeline\buffer\StagingBuffer.hpp">
      <Filter>Headerdateien\pipeline\buffer</Filter>
    </ClInclude>
    <ClInclude Include="vlib\VulkanDescriptor.hpp">
      <Filter>Headerdateien\vlib</Filter>
    </ClInclude>
    <ClInclude Include="vlib\VulkanPipeline.hpp">
      <Filter>Headerdateien\vlib</Filter>
    </ClInclude>
    <ClInclude Include="ui\UI.hpp">
      <Filter>Headerdateien\ui</Filter>
    </ClInclude>
    <ClInclude Include="io\Keyboard.hpp">
      <Filter>Headerdateien\io</Filter>
    </ClInclude>
    <ClInclude Include="game_content\Light.hpp">
      <Filter>Headerdateien\gamecontent</Filter>
    </ClInclude>
    <ClInclude Include="ui\UITextComponent.hpp">
      <Filter>Headerdateien\ui</Filter>
    </ClInclude>
    <ClInclude Include="ui\UITextureComponent.hpp">
      <Filter>Headerdateien\ui</Filter>
    </ClInclude>
    <ClInclude Include="vlib\VulkanCommandBuffer.hpp">
      <Filter>Headerdateien\vlib</Filter>
    </ClInclude>
  </ItemGroup>
  <ItemGroup>
    <ClCompile Include="TGEngine.cpp">
      <Filter>Quelldateien</Filter>
    </ClCompile>
    <ClCompile Include="Drawlib\Circle.cpp">
      <Filter>Quelldateien\drawlib</Filter>
    </ClCompile>
    <ClCompile Include="Drawlib\Ellipse.cpp">
      <Filter>Quelldateien\drawlib</Filter>
    </ClCompile>
    <ClCompile Include="Drawlib\Rectangle.cpp">
      <Filter>Quelldateien\drawlib</Filter>
    </ClCompile>
    <ClCompile Include="Util\Debug.cpp">
      <Filter>Quelldateien\util</Filter>
    </ClCompile>
    <ClCompile Include="Util\Math.cpp">
      <Filter>Quelldateien\util</Filter>
    </ClCompile>
    <ClCompile Include="Pipeline\CommandBuffer.cpp">
      <Filter>Quelldateien\pipeline</Filter>
    </ClCompile>
    <ClCompile Include="Pipeline\Descriptors.cpp">
      <Filter>Quelldateien\pipeline</Filter>
    </ClCompile>
    <ClCompile Include="Pipeline\Device.cpp">
      <Filter>Quelldateien\pipeline</Filter>
    </ClCompile>
    <ClCompile Include="Pipeline\Draw.cpp">
      <Filter>Quelldateien\pipeline</Filter>
    </ClCompile>
    <ClCompile Include="Pipeline\Framebuffer.cpp">
      <Filter>Quelldateien\pipeline</Filter>
    </ClCompile>
    <ClCompile Include="Pipeline\Instance.cpp">
      <Filter>Quelldateien\pipeline</Filter>
    </ClCompile>
    <ClCompile Include="Pipeline\Pipe.cpp">
      <Filter>Quelldateien\pipeline</Filter>
    </ClCompile>
    <ClCompile Include="Pipeline\PrePipeline.cpp">
      <Filter>Quelldateien\pipeline</Filter>
    </ClCompile>
    <ClCompile Include="Pipeline\RenderPass.cpp">
      <Filter>Quelldateien\pipeline</Filter>
    </ClCompile>
    <ClCompile Include="Pipeline\Shader.cpp">
      <Filter>Quelldateien\pipeline</Filter>
    </ClCompile>
    <ClCompile Include="Pipeline\Swapchain.cpp">
      <Filter>Quelldateien\pipeline</Filter>
    </ClCompile>
    <ClCompile Include="Pipeline\Window\Window.cpp">
      <Filter>Quelldateien\pipeline\window</Filter>
    </ClCompile>
    <ClCompile Include="Resources\ShaderData.cpp">
      <Filter>resources</Filter>
    </ClCompile>
    <ClCompile Include="pipeline\Buffer\IndexBuffer.cpp">
      <Filter>Quelldateien\pipeline\buffer</Filter>
    </ClCompile>
    <ClCompile Include="pipeline\Buffer\Memory.cpp">
      <Filter>Quelldateien\pipeline\buffer</Filter>
    </ClCompile>
    <ClCompile Include="pipeline\Buffer\Texturebuffer.cpp">
      <Filter>Quelldateien\pipeline\buffer</Filter>
    </ClCompile>
    <ClCompile Include="pipeline\Buffer\UniformBuffer.cpp">
      <Filter>Quelldateien\pipeline\buffer</Filter>
    </ClCompile>
    <ClCompile Include="pipeline\Buffer\VertexBuffer.cpp">
      <Filter>Quelldateien\pipeline\buffer</Filter>
    </ClCompile>
    <ClCompile Include="io\Files.cpp">
      <Filter>Quelldateien\io</Filter>
    </ClCompile>
    <ClCompile Include="io\ImagePNG.cpp">
      <Filter>Quelldateien\io</Filter>
    </ClCompile>
    <ClCompile Include="io\LoadFont.cpp">
      <Filter>Quelldateien\io</Filter>
    </ClCompile>
    <ClCompile Include="io\Mouse.cpp">
      <Filter>Quelldateien\io</Filter>
    </ClCompile>
    <ClCompile Include="io\Properties.cpp">
      <Filter>Quelldateien\io</Filter>
    </ClCompile>
    <ClCompile Include="game_content\Camera.cpp">
      <Filter>Quelldateien\gamecontent</Filter>
    </ClCompile>
    <ClCompile Include="Stdbase.cpp">
      <Filter>Quelldateien</Filter>
    </ClCompile>
    <ClCompile Include="model\FBX_Loader.cpp">
      <Filter>Quelldateien\model</Filter>
    </ClCompile>
    <ClCompile Include="pipeline\DepthStencil.cpp">
      <Filter>Quelldateien\pipeline</Filter>
    </ClCompile>
    <ClCompile Include="vlib\VulkanImage.cpp">
      <Filter>Quelldateien\vlib</Filter>
    </ClCompile>
    <ClCompile Include="vlib\VulkanBuffer.cpp">
      <Filter>Quelldateien\vlib</Filter>
    </ClCompile>
    <ClCompile Include="game_content\Actor.cpp">
      <Filter>Quelldateien\gamecontent</Filter>
    </ClCompile>
    <ClCompile Include="game_content\Mesh.cpp">
      <Filter>Quelldateien\gamecontent</Filter>
    </ClCompile>
    <ClCompile Include="util\VectorUtil.cpp">
      <Filter>Quelldateien\util</Filter>
    </ClCompile>
    <ClCompile Include="game_content\StaticCamera.cpp">
      <Filter>Quelldateien\gamecontent</Filter>
    </ClCompile>
    <ClCompile Include="game_content\FirstPersonCamera.cpp">
      <Filter>Quelldateien\gamecontent</Filter>
    </ClCompile>
    <ClCompile Include="util\TGVertex.cpp">
      <Filter>Quelldateien\util</Filter>
    </ClCompile>
    <ClCompile Include="pipeline\buffer\StagingBuffer.cpp">
      <Filter>Quelldateien\pipeline\buffer</Filter>
    </ClCompile>
    <ClCompile Include="vlib\VulkanDescriptor.cpp">
      <Filter>Quelldateien\vlib</Filter>
    </ClCompile>
    <ClCompile Include="vlib\VulkanPipeline.cpp">
      <Filter>Quelldateien\vlib</Filter>
    </ClCompile>
    <ClCompile Include="ui\UI.cpp">
      <Filter>Quelldateien\ui</Filter>
    </ClCompile>
    <ClCompile Include="io\Keyboard.cpp">
      <Filter>Quelldateien\io</Filter>
    </ClCompile>
    <ClCompile Include="game_content\Light.cpp">
      <Filter>Quelldateien\gamecontent</Filter>
    </ClCompile>
    <ClCompile Include="ui\UITextComponent.cpp">
      <Filter>Quelldateien\ui</Filter>
    </ClCompile>
    <ClCompile Include="ui\UITextureComponent.cpp">
      <Filter>Quelldateien\ui</Filter>
    </ClCompile>
    <ClCompile Include="vlib\VulkanCommandBuffer.cpp">
      <Filter>Quelldateien\vlib</Filter>
    </ClCompile>
  </ItemGroup>
  <ItemGroup>
    <None Include="..\README.md">
      <Filter>resources</Filter>
    </None>
    <None Include="Resources\fragmentshader.glsl">
      <Filter>resources</Filter>
    </None>
    <None Include="Resources\fragmentshader.spv">
      <Filter>resources</Filter>
    </None>
    <None Include="Resources\vertexshader.glsl">
      <Filter>resources</Filter>
    </None>
    <None Include="Resources\vertexshader.spv">
      <Filter>resources</Filter>
    </None>
    <None Include="..\docs\_config.yml">
      <Filter>docs</Filter>
    </None>
    <None Include="..\docs\index.html">
      <Filter>docs</Filter>
    </None>
    <None Include="..\docs\docs.html">
      <Filter>docs</Filter>
    </None>
    <None Include="..\setup.py">
      <Filter>resources</Filter>
    </None>
    <None Include="..\docs\main.css">
      <Filter>docs</Filter>
    </None>
  </ItemGroup>
</Project>