<?xml version="1.0" encoding="utf-8"?>
<Project ToolsVersion="4.0" xmlns="http://schemas.microsoft.com/developer/msbuild/2003">
  <ItemGroup>
    <Filter Include="Quelldateien">
      <UniqueIdentifier>{4FC737F1-C7A5-4376-A066-2A32D752A2FF}</UniqueIdentifier>
      <Extensions>cpp;c;cc;cxx;def;odl;idl;hpj;bat;asm;asmx</Extensions>
    </Filter>
    <Filter Include="Headerdateien">
      <UniqueIdentifier>{93995380-89BD-4b04-88EB-625FBE52EBFB}</UniqueIdentifier>
      <Extensions>h;hh;hpp;hxx;hm;inl;inc;xsd</Extensions>
    </Filter>
    <Filter Include="Ressourcendateien">
      <UniqueIdentifier>{67DA6AB6-F800-4c08-8B7A-83BB121AAD01}</UniqueIdentifier>
      <Extensions>rc;ico;cur;bmp;dlg;rc2;rct;bin;rgs;gif;jpg;jpeg;jpe;resx;tiff;tif;png;wav;mfcribbon-ms</Extensions>
    </Filter>
    <Filter Include="Headerdateien\Pipeline">
      <UniqueIdentifier>{64b2de83-2939-4d98-8a0b-db329d1a529d}</UniqueIdentifier>
    </Filter>
    <Filter Include="Quelldateien\Pipeline">
      <UniqueIdentifier>{21f3ea49-aeaa-4450-89db-0e93d6a94065}</UniqueIdentifier>
    </Filter>
    <Filter Include="Quelldateien\TStorage">
      <UniqueIdentifier>{6b7f4ffd-4b63-414b-8e95-cae0f4da6385}</UniqueIdentifier>
    </Filter>
    <Filter Include="Quelldateien\TBase">
      <UniqueIdentifier>{6f91d985-dc27-4e42-b1cc-e0ea1733c232}</UniqueIdentifier>
    </Filter>
    <Filter Include="Headerdateien\TBase">
      <UniqueIdentifier>{98079e1f-71de-42f9-b09a-e503104dbc7b}</UniqueIdentifier>
    </Filter>
    <Filter Include="Headerdateien\TStorage">
      <UniqueIdentifier>{a140e7d1-d274-4c7c-b816-2635858404dd}</UniqueIdentifier>
    </Filter>
    <Filter Include="Quelldateien\Math">
      <UniqueIdentifier>{cb121666-aba2-454f-96b0-a97292f7e893}</UniqueIdentifier>
    </Filter>
    <Filter Include="Headerdateien\Math">
      <UniqueIdentifier>{1b5db89a-7b3d-4750-af67-7e2b661acca1}</UniqueIdentifier>
    </Filter>
    <Filter Include="Headerdateien\DrawLib">
      <UniqueIdentifier>{7e821fcf-e610-42a9-a4f8-f1848954a03d}</UniqueIdentifier>
    </Filter>
    <Filter Include="Quelldateien\DrawLib">
      <UniqueIdentifier>{4569ad1b-1342-4eb7-b30d-00d697ef19ee}</UniqueIdentifier>
    </Filter>
    <Filter Include="Quelldateien\Pipeline\Windows">
      <UniqueIdentifier>{148be9cd-54b9-434e-bcbf-be6e3c7d45d4}</UniqueIdentifier>
    </Filter>
    <Filter Include="Headerdateien\Pipeline\Windows">
      <UniqueIdentifier>{21760c1f-5591-48f8-80d2-ba910ab49c10}</UniqueIdentifier>
    </Filter>
    <Filter Include="Quelldateien\Material">
      <UniqueIdentifier>{3e17a34e-55a8-4c82-bd19-399156196a15}</UniqueIdentifier>
    </Filter>
    <Filter Include="Headerdateien\Material">
      <UniqueIdentifier>{97ac42fe-4c69-4783-9284-2ff4edd9a3a5}</UniqueIdentifier>
    </Filter>
  </ItemGroup>
  <ItemGroup>
    <ClInclude Include="Annotations.hpp">
      <Filter>Headerdateien\TBase</Filter>
    </ClInclude>
    <ClInclude Include="Files.hpp">
      <Filter>Headerdateien\TStorage</Filter>
    </ClInclude>
    <ClInclude Include="Properties.hpp">
      <Filter>Headerdateien\TStorage</Filter>
    </ClInclude>
    <ClInclude Include="TGEngine.hpp">
      <Filter>Headerdateien</Filter>
    </ClInclude>
    <ClInclude Include="Debug.hpp">
      <Filter>Headerdateien</Filter>
    </ClInclude>
    <ClInclude Include="Pipeline.hpp">
      <Filter>Headerdateien\Pipeline</Filter>
    </ClInclude>
    <ClInclude Include="Instance.hpp">
      <Filter>Headerdateien\Pipeline</Filter>
    </ClInclude>
    <ClInclude Include="Window.hpp">
      <Filter>Headerdateien\Pipeline</Filter>
    </ClInclude>
    <ClInclude Include="Device.hpp">
      <Filter>Headerdateien\Pipeline</Filter>
    </ClInclude>
    <ClInclude Include="RenderPass.hpp">
      <Filter>Headerdateien\Pipeline</Filter>
    </ClInclude>
    <ClInclude Include="Pipe.hpp">
      <Filter>Headerdateien\Pipeline</Filter>
    </ClInclude>
    <ClInclude Include="Shader.hpp">
      <Filter>Headerdateien\Pipeline</Filter>
    </ClInclude>
    <ClInclude Include="Draw.hpp">
      <Filter>Headerdateien\Pipeline</Filter>
    </ClInclude>
    <ClInclude Include="Swapchain.hpp">
      <Filter>Headerdateien\Pipeline</Filter>
    </ClInclude>
    <ClInclude Include="CommandBuffer.hpp">
      <Filter>Headerdateien\Pipeline</Filter>
    </ClInclude>
    <ClInclude Include="Framebuffer.hpp">
      <Filter>Headerdateien\Pipeline</Filter>
    </ClInclude>
    <ClInclude Include="PrePipeline.hpp">
      <Filter>Headerdateien\Pipeline</Filter>
    </ClInclude>
    <ClInclude Include="VertexBuffer.hpp">
      <Filter>Headerdateien\Pipeline</Filter>
    </ClInclude>
    <ClInclude Include="Math.hpp">
      <Filter>Headerdateien\Math</Filter>
    </ClInclude>
    <ClInclude Include="Vertex.hpp">
      <Filter>Headerdateien\Math</Filter>
    </ClInclude>
    <ClInclude Include="Circle.hpp">
      <Filter>Headerdateien\DrawLib</Filter>
    </ClInclude>
    <ClInclude Include="DrawLib.hpp">
      <Filter>Headerdateien\DrawLib</Filter>
    </ClInclude>
    <ClInclude Include="BaseDrawLib.hpp">
      <Filter>Headerdateien\DrawLib</Filter>
    </ClInclude>
    <ClInclude Include="IndexBuffer.hpp">
      <Filter>Headerdateien\Pipeline</Filter>
    </ClInclude>
    <ClInclude Include="Memory.hpp">
      <Filter>Headerdateien\Pipeline</Filter>
    </ClInclude>
    <ClInclude Include="Win32Window.hpp">
      <Filter>Headerdateien\Pipeline\Windows</Filter>
    </ClInclude>
    <ClInclude Include="UniformBuffer.hpp">
      <Filter>Headerdateien\Pipeline</Filter>
    </ClInclude>
    <ClInclude Include="Descriptors.hpp">
      <Filter>Headerdateien\Pipeline</Filter>
    </ClInclude>
    <ClInclude Include="Ellipse.hpp">
      <Filter>Headerdateien\DrawLib</Filter>
    </ClInclude>
    <ClInclude Include="Rectangle.hpp">
      <Filter>Headerdateien\DrawLib</Filter>
    </ClInclude>
    <ClInclude Include="Beziercurve.hpp">
      <Filter>Headerdateien\DrawLib</Filter>
    </ClInclude>
    <ClInclude Include="LoadFont.hpp">
      <Filter>Headerdateien\TStorage</Filter>
    </ClInclude>
    <ClInclude Include="FontTables.hpp">
      <Filter>Headerdateien\TStorage</Filter>
    </ClInclude>
    <ClInclude Include="Texturebuffer.hpp">
      <Filter>Headerdateien\Material</Filter>
    </ClInclude>
    <ClInclude Include="App.hpp">
      <Filter>Headerdateien</Filter>
    </ClInclude>
    <ClInclude Include="stdbase.hpp">
      <Filter>Headerdateien</Filter>
    </ClInclude>
  </ItemGroup>
  <ItemGroup>
    <ClCompile Include="Debug.cpp">
      <Filter>Quelldateien</Filter>
    </ClCompile>
    <ClCompile Include="Files.cpp">
      <Filter>Quelldateien\TStorage</Filter>
    </ClCompile>
    <ClCompile Include="Properties.cpp">
      <Filter>Quelldateien\TStorage</Filter>
    </ClCompile>
    <ClCompile Include="TGEngine.cpp">
      <Filter>Quelldateien</Filter>
    </ClCompile>
    <ClCompile Include="Instance.cpp">
      <Filter>Quelldateien\Pipeline</Filter>
    </ClCompile>
    <ClCompile Include="Window.cpp">
      <Filter>Quelldateien\Pipeline</Filter>
    </ClCompile>
    <ClCompile Include="Device.cpp">
      <Filter>Quelldateien\Pipeline</Filter>
    </ClCompile>
    <ClCompile Include="RenderPass.cpp">
      <Filter>Quelldateien\Pipeline</Filter>
    </ClCompile>
    <ClCompile Include="Pipe.cpp">
      <Filter>Quelldateien\Pipeline</Filter>
    </ClCompile>
    <ClCompile Include="Shader.cpp">
      <Filter>Quelldateien\Pipeline</Filter>
    </ClCompile>
    <ClCompile Include="Draw.cpp">
      <Filter>Quelldateien\Pipeline</Filter>
    </ClCompile>
    <ClCompile Include="Swapchain.cpp">
      <Filter>Quelldateien\Pipeline</Filter>
    </ClCompile>
    <ClCompile Include="CommandBuffer.cpp">
      <Filter>Quelldateien\Pipeline</Filter>
    </ClCompile>
    <ClCompile Include="Framebuffer.cpp">
      <Filter>Quelldateien\Pipeline</Filter>
    </ClCompile>
    <ClCompile Include="PrePipeline.cpp">
      <Filter>Quelldateien\Pipeline</Filter>
    </ClCompile>
    <ClCompile Include="VertexBuffer.cpp">
      <Filter>Quelldateien\Pipeline</Filter>
    </ClCompile>
    <ClCompile Include="Math.cpp">
      <Filter>Quelldateien\Math</Filter>
    </ClCompile>
    <ClCompile Include="ObjLoader.cpp">
      <Filter>Quelldateien\TStorage</Filter>
    </ClCompile>
    <ClCompile Include="Circle.cpp">
      <Filter>Quelldateien\DrawLib</Filter>
    </ClCompile>
    <ClCompile Include="IndexBuffer.cpp">
      <Filter>Quelldateien\Pipeline</Filter>
    </ClCompile>
    <ClCompile Include="Memory.cpp">
      <Filter>Quelldateien\Pipeline</Filter>
    </ClCompile>
    <ClCompile Include="Win32Window.cpp">
      <Filter>Quelldateien\Pipeline\Windows</Filter>
    </ClCompile>
    <ClCompile Include="UniformBuffer.cpp">
      <Filter>Quelldateien\Pipeline</Filter>
    </ClCompile>
    <ClCompile Include="Descriptors.cpp">
      <Filter>Quelldateien\Pipeline</Filter>
    </ClCompile>
    <ClCompile Include="Ellipse.cpp">
      <Filter>Quelldateien\DrawLib</Filter>
    </ClCompile>
    <ClCompile Include="Rectangle.cpp">
      <Filter>Quelldateien\DrawLib</Filter>
    </ClCompile>
    <ClCompile Include="Beziercurve.cpp">
      <Filter>Quelldateien\DrawLib</Filter>
    </ClCompile>
    <ClCompile Include="LoadFont.cpp">
      <Filter>Quelldateien\TStorage</Filter>
    </ClCompile>
    <ClCompile Include="FontTables.cpp">
      <Filter>Quelldateien\TStorage</Filter>
    </ClCompile>
    <ClCompile Include="Texturebuffer.cpp">
      <Filter>Quelldateien\Material</Filter>
    </ClCompile>
  </ItemGroup>
  <ItemGroup>
    <None Include="ObjLoader.hpp">
      <Filter>Headerdateien\TStorage</Filter>
    </None>
    <None Include="frag.spv">
      <Filter>Ressourcendateien</Filter>
    </None>
    <None Include="vert.spv">
      <Filter>Ressourcendateien</Filter>
    </None>
  </ItemGroup>
  <ItemGroup>
    <Media Include="fragmentshader.glsl">
      <Filter>Ressourcendateien</Filter>
    </Media>
    <Media Include="Layers.txt">
      <Filter>Ressourcendateien</Filter>
    </Media>
    <Media Include="Properties.xml">
      <Filter>Ressourcendateien</Filter>
    </Media>
    <Media Include="Shader Compiler.bat">
      <Filter>Ressourcendateien</Filter>
    </Media>
    <Media Include="text.obj">
      <Filter>Ressourcendateien</Filter>
    </Media>
    <Media Include="vertexshader.glsl">
      <Filter>Ressourcendateien</Filter>
    </Media>
  </ItemGroup>
  <ItemGroup>
    <Font Include="..\..\..\..\..\Desktop\arial.ttf">
      <Filter>Ressourcendateien</Filter>
    </Font>
  </ItemGroup>
</Project>