
Microsoft Visual Studio Solution File, Format Version 12.00
# Visual Studio Version 16
VisualStudioVersion = 16.0.28729.10
MinimumVisualStudioVersion = 10.0.40219.1
Project("{8BC9CEB8-8B4A-11D0-8D11-00A0C91BC942}") = "TGEngine", "TGEngine.vcxproj", "{C196E2E9-1255-4264-ACDB-EAB1AD33C6F9}"
	ProjectSection(ProjectDependencies) = postProject
		{E311FDAC-DE4E-495D-AE80-970D637B02EA} = {E311FDAC-DE4E-495D-AE80-970D637B02EA}
	EndProjectSection
EndProject
Project("{9A19103F-16F7-4668-BE54-9A1E7A4F7556}") = "ShaderTool", "..\ShaderTool\ShaderTool.csproj", "{E311FDAC-DE4E-495D-AE80-970D637B02EA}"
EndProject
Global
	GlobalSection(SolutionConfigurationPlatforms) = preSolution
		Debug|Any CPU = Debug|Any CPU
		Debug|ARM = Debug|ARM
		Debug|x64 = Debug|x64
		Debug|x86 = Debug|x86
		Release|Any CPU = Release|Any CPU
		Release|ARM = Release|ARM
		Release|x64 = Release|x64
		Release|x86 = Release|x86
	EndGlobalSection
	GlobalSection(ProjectConfigurationPlatforms) = postSolution
		{C196E2E9-1255-4264-ACDB-EAB1AD33C6F9}.Debug|Any CPU.ActiveCfg = Debug|Win32
		{C196E2E9-1255-4264-ACDB-EAB1AD33C6F9}.Debug|ARM.ActiveCfg = Debug|Win32
		{C196E2E9-1255-4264-ACDB-EAB1AD33C6F9}.Debug|ARM.Build.0 = Debug|Win32
		{C196E2E9-1255-4264-ACDB-EAB1AD33C6F9}.Debug|x64.ActiveCfg = Debug|x64
		{C196E2E9-1255-4264-ACDB-EAB1AD33C6F9}.Debug|x64.Build.0 = Debug|x64
		{C196E2E9-1255-4264-ACDB-EAB1AD33C6F9}.Debug|x86.ActiveCfg = Debug|Win32
		{C196E2E9-1255-4264-ACDB-EAB1AD33C6F9}.Debug|x86.Build.0 = Debug|Win32
		{C196E2E9-1255-4264-ACDB-EAB1AD33C6F9}.Release|Any CPU.ActiveCfg = Release|Win32
		{C196E2E9-1255-4264-ACDB-EAB1AD33C6F9}.Release|ARM.ActiveCfg = Release|Win32
		{C196E2E9-1255-4264-ACDB-EAB1AD33C6F9}.Release|x64.ActiveCfg = Release|x64
		{C196E2E9-1255-4264-ACDB-EAB1AD33C6F9}.Release|x64.Build.0 = Release|x64
		{C196E2E9-1255-4264-ACDB-EAB1AD33C6F9}.Release|x86.ActiveCfg = Release|Win32
		{C196E2E9-1255-4264-ACDB-EAB1AD33C6F9}.Release|x86.Build.0 = Release|Win32
		{E311FDAC-DE4E-495D-AE80-970D637B02EA}.Debug|Any CPU.ActiveCfg = Debug|Any CPU
		{E311FDAC-DE4E-495D-AE80-970D637B02EA}.Debug|Any CPU.Build.0 = Debug|Any CPU
		{E311FDAC-DE4E-495D-AE80-970D637B02EA}.Debug|ARM.ActiveCfg = Debug|Any CPU
		{E311FDAC-DE4E-495D-AE80-970D637B02EA}.Debug|ARM.Build.0 = Debug|Any CPU
		{E311FDAC-DE4E-495D-AE80-970D637B02EA}.Debug|x64.ActiveCfg = Debug|Any CPU
		{E311FDAC-DE4E-495D-AE80-970D637B02EA}.Debug|x64.Build.0 = Debug|Any CPU
		{E311FDAC-DE4E-495D-AE80-970D637B02EA}.Debug|x86.ActiveCfg = Debug|Any CPU
		{E311FDAC-DE4E-495D-AE80-970D637B02EA}.Debug|x86.Build.0 = Debug|Any CPU
		{E311FDAC-DE4E-495D-AE80-970D637B02EA}.Release|Any CPU.ActiveCfg = Release|Any CPU
		{E311FDAC-DE4E-495D-AE80-970D637B02EA}.Release|Any CPU.Build.0 = Release|Any CPU
		{E311FDAC-DE4E-495D-AE80-970D637B02EA}.Release|ARM.ActiveCfg = Release|Any CPU
		{E311FDAC-DE4E-495D-AE80-970D637B02EA}.Release|ARM.Build.0 = Release|Any CPU
		{E311FDAC-DE4E-495D-AE80-970D637B02EA}.Release|x64.ActiveCfg = Release|Any CPU
		{E311FDAC-DE4E-495D-AE80-970D637B02EA}.Release|x64.Build.0 = Release|Any CPU
		{E311FDAC-DE4E-495D-AE80-970D637B02EA}.Release|x86.ActiveCfg = Release|Any CPU
		{E311FDAC-DE4E-495D-AE80-970D637B02EA}.Release|x86.Build.0 = Release|Any CPU
	EndGlobalSection
	GlobalSection(SolutionProperties) = preSolution
		HideSolutionNode = FALSE
	EndGlobalSection
	GlobalSection(ExtensibilityGlobals) = postSolution
		SolutionGuid = {CDC03466-01F9-4EB9-A765-1AEF767A9879}
	EndGlobalSection
EndGlobal
